github.com/andybalholm/cascadia v1.3.1 h1:AkK6k2uy7EIkGg8SBA/LNmVhzH8x1mTfOTneT4YkM4U=
github.com/andybalholm/cascadia v1.3.1/go.mod h1:Ho1oSFlvwod8sDKqTA0RtdSQntOzmU3dP1C1eRZ4z4I=
github.com/certifi/gocertifi v0.1.0 h1:9AYuPz2UeXdbY7GhGyq39PTXbbgGzRBJqu5K/5NkVfY=
github.com/certifi/gocertifi v0.1.0/go.mod h1:G8d/Lij8KvyyOssv4AGKwiSeE82GDSTGTtvX2B0VGT0=
github.com/elastic/go-elasticsearch/v8 v8.0.0 h1:FvlG2QX1ZJON8hB8UzvO/04HnnFdWsG8FQm7WEE8V+g=
github.com/elastic/go-elasticsearch/v8 v8.0.0/go.mod h1:CS7My/TpDJ5AS9VzzIjL6Q6xlE9QK7ZAxjVIkXgM+GI=
github.com/gin-gonic/gin v1.7.7 h1:bsApe3mA0yZfb7QnHym7KcTS5PPy9oytChgrRToyv6g=
github.com/gin-gonic/gin v1.7.7/go.mod h1:2VjH5UdqEF0WlfIRVpF8Zj4dEm6PvcHdB3LrU3C4J0E=
github.com/go-playground/locales v0.14.0 h1:t7d+d/tuG6q93CXNSHgpOygQfByJj0fgqSKvQuvsLRE=
github.com/go-playground/locales v0.14.0/go.mod h1:Q0bn6pUrUb0mMb9Gkz9wvvY5gG1UeKp5PQsFRQAnf5g=
github.com/go-playground/universal-translator v0.18.0 h1:IVDp5mAQ6Djzyp4DaANsmrSOcb+niX1yNxHLg5PHNaU=
github.com/go-playground/universal-translator v0.18.0/go.mod h1:ecmg6MxpgYIWaCUXjsP/Hd/vQ0r+3KjzUu1A+P8IDmU=
github.com/go-playground/validator/v10 v10.4.1 h1:RmPdi7xJrbELHYo9H3U3D8lpyFMSQ7f5TKBr+HV05GU=
github.com/go-playground/validator/v10 v10.4.1/go.mod h1:UBRzALZ5W9fsZnlaDoNAslP6HiYQnAdVJl5SkcHTACc=
github.com/gocolly/colly v1.2.0 h1:dsSV2D53j3DNEkLahpM+NZ/5H2pRlMxlmymPrceH5II=
github.com/gocolly/colly v1.2.0/go.mod h1:Ra9Jxhegbwgn1Y6Ow3veRteEC02oXvMzLoVZtZy6Mx0=
github.com/gorilla/websocket v1.4.2 h1:ODpddypZtEv9uVh4rllhAuK+FeX5M3F+I5cSMkZY0b4=
github.com/gorilla/websocket v1.4.2/go.mod h1:YL0pIXdeVb2sZ1e9dsaA4tUEN2bR10SYObVtJgBriPo=
github.com/json-iterator/go v1.1.10 h1:XUB0KNV7HyHzAN3P4wiYCSsTbKAGh71NccEhvViRboo=
github.com/json-iterator/go v1.1.10/go.mod h1:trh/FjeN4z6ggLskjP56EC0GmUgkt7zHfqGakz+y9iw=
github.com/modern-go/concurrent v0.0.0-20180306012644-bacd9c7ef1dd h1:IVGdaXgJeKO7N7LACWlKTxvfl1p3TWh7gtWlAwPj0jc=
github.com/modern-go/concurrent v0.0.0-20180306012644-bacd9c7ef1dd/go.mod h1:Uuel36vXAHUUZyZITsf0rN2CUJOpksH8QX04YG1vv6w=
github.com/modern-go/reflect2 v1.0.1 h1:ys9xEUCBmHtDRwYWZ2wI84aJAsWiERjpwW3u7iJ34EA=
github.com/modern-go/reflect2 v1.0.1/go.mod h1:Uuel36vXAHUUZyZITsf0rN2CUJOpksH8QX04YG1vv6w=
github.com/nicksnyder/go-i18n/v2 v2.0.2 h1:GFSdCE5Nm50y31RrItF2SvPF7fw7WjWeF7Xpt+ut6bo=
github.com/nicksnyder/go-i18n/v2 v2.0.2/go.mod h1:lED/B8uP67u36jbemwio64bKYo8QbGKwqeqzEcyP09M=
github.com/rs/zerolog v1.23.0 h1:AMfmyfZ4jTu83+5b5mrkRuoJ6LtqloHPjqHhA0kEdOg=
github.com/rs/zerolog v1.23.0/go.mod h1:YN4PBfbY4hYB2Eey6sFn0kKIMDZjJMKFcq5MtupYkHc=
github.com/stretchr/testify v1.6.1 h1:hDPOHmpOpP40lTq4QI86bOfpTjrYmh5R+flsYvOo2yc=
github.com/stretchr/testify v1.6.1/go.mod h1:7nVif/Cp7MA+fx7pPPdBZnppz+ZaSf4X7mBy0JFr0xA=
github.com/ugorji/go/codec v1.1.7 h1:ImQ1NADJ0ceoe9F4uf/Gs1+9qqlDL+hw0vKgCCbS5F4=
github.com/ugorji/go/codec v1.1.7/go.mod h1:J+plY5Yt4bD/LvXHlfrbeWQ8gPX3Qv3kcoKVo98EbJU=
golang.org/x/crypto v0.0.0-20191122220309-5c40567a22f8 h1:Mg8kQu4g/CXZgM7DDx7g1cUOPbAmOFKb63IF6+p/cqw=
golang.org/x/crypto v0.0.0-20191122220309-5c40567a22f8/go.mod h1:N4PWUuRJJo6MQ35xt9AYuRMKKSNohAP5F5m/a7KG5ow=
golang.org/x/net v0.0.0-20190404232315-eb5bcb51f2a3 h1:35LBRczmhHkKuSRYGow7bFb5Q0X51TuftD6Xc07pXYY=
golang.org/x/net v0.0.0-20190404232315-eb5bcb51f2a3/go.mod h1:5y7RKf1NcEn78+7u3YAtRmh6AWGtMF2A6hK4dB+dEgo=
golang.org/x/sys v0.0.0-20190412213103-97732733099d h1:hqKkqx9UaQkCdd/42KkKlq3OG7zujkqvFUvR4B4ReY0=
golang.org/x/sys v0.0.0-20190412213103-97732733099d/go.mod h1:O1nP2RYxCWyJ6NiRgh0RJNY57jZJfb9q3UA2eGnvYas=
golang.org/x/text v0.3.2 h1:qC9Xyyx8v+ss9Me0i5Csxw+blwgX7XDJTjup0X74YkA=
golang.org/x/text v0.3.2/go.mod h1:XmiAUubk5UO29nbSMmwNwZ03Hc+C5hvpLbg4wAITmvA=
golang.org/x/tools v0.0.0-20191218085420-4c7f59b77d2c h1:9VvhNK12Sb5vcUEc5mvDQ1tgwG98y1FT8MQmOuhE+ww=
golang.org/x/tools v0.0.0-20191218085420-4c7f59b77d2c/go.mod h1:OrARl4k3n8e3iY5Zo4URDRU9Miqwr9ARxCMi1tfhnGk=
golang.org/x/xerrors v0.0.0-20191204190536-9bdfabe68543 h1:E7g+GfgDB/xO4zn2JDkEKtF7LEIrTtqn+9mAfEUlqz0=
golang.org/x/xerrors v0.0.0-20191204190536-9bdfabe68543/go.mod h1:XD4rGqB8tW12uCbd3G0VK0lLYfCtuGfsbd/i2XkY9tU=